version = 1
revision = 3
requires-python = ">=3.12"

[[package]]
name = "anyio"
version = "4.15.1"
source = { registry = "https://pypi.org/simple" }
dependencies = [
    { name = "idna" },
    { name = "typing-extensions", marker = "python_full_version < '3.15'" },
]
sdist = { url = "https://files.pythonhosted.org/packages/a9/d2/f4d173e22df740bc37b1db102b386ba719b66e95b0f0d751f556b387e6d2/anyio-4.15.1.tar.gz", hash = "sha256:9f28306018cbd6d329e64a36d58256edff76dd996fe423bc957326e578b82a94", size = 276966, upload-time = "2026-09-05T10:42:39.44Z" }
wheels = [
    { url = "https://files.pythonhosted.org/packages/12/b8/4bd346e22b28902df4d651910f5242c28d84e4a5c2435ca5c3f797ed7e2e/anyio-4.15.1-py3-none-any.whl", hash = "sha256:6152fdbbf9a77fdec97731721bebf7c4c44f7c29b424b0065826173efc7ed101", size = 132079, upload-time = "2026-09-05T10:42:37.923Z" },
]

[[package]]
name = "asgiref"
version = "3.12.1"
source = { registry = "https://pypi.org/simple" }
sdist = { url = "https://files.pythonhosted.org/packages/e6/26/3b59f2bdae5f640389becb1f673cded775287f5fc4f816309d9ca9a3f93d/asgiref-3.12.1.tar.gz", hash = "sha256:59dcb51c272ad209d59bed5708a64a333083e86017d7fcdd67498eeab7784340", size = 42378, upload-time = "2026-07-14T09:56:18.087Z" }
wheels = [
    { url = "https://files.pythonhosted.org/packages/c0/1b/54f4ad77cd8a584fa70746c47df988e002cf1ee1eba43364d46f87803647/asgiref-3.12.1-py3-none-any.whl", hash = "sha256:fe386d1c2bff7259ea95929266d12a8cf9a8b5a1c2598402967d8792e7a7c094", size = 25478, upload-time = "2026-07-14T09:56:16.926Z" },
]

[[package]]
name = "click"
version = "8.5.0"
source = { registry = "https://pypi.org/simple" }
sdist = { url = "https://files.pythonhosted.org/packages/c7/0e/7fa0ef50764b67090eca4114772a2abf8b6148198475e54c660b97caeee6/click-8.5.0.tar.gz", hash = "sha256:ba0d2089de75ea0310e2dde03160e6ca10009947fb95a182f9b54021bb272e34", size = 382235, upload-time = "2026-08-26T13:33:14.56Z" }
wheels = [
    { url = "https://files.pythonhosted.org/packages/58/50/6c0d534c5f134586a8e1ba4e330569e32f057e33372ae556463212fb4cd3/click-8.5.0-py3-none-any.whl", hash = "sha256:255bc9599cf7748b4b1a446ccc735421bd08a2ae529a8b88597d3de5664ee360", size = 125251, upload-time = "2026-08-26T13:33:12.928Z" },
]

[[package]]
name = "django"
version = "6.1.1"
source = { registry = "https://pypi.org/simple" }
dependencies = [
    { name = "asgiref" },
    { name = "sqlparse" },
    { name = "tzdata", marker = "sys_platform == 'win32'" },
]
sdist = { url = "https://files.pythonhosted.org/packages/f8/d4/8314b5bdef20832f0ac6ae3b3e4d4924e4759fa3b4af27609dd747e7a6be/django-6.1.1.tar.gz", hash = "sha256:7ab93536d8e677aa14554c56426290c69480bf2ee68d7513d4a22f57d6bfeb84", size = 11284905, upload-time = "2026-09-02T17:20:45.621Z" }
wheels = [
    { url = "https://files.pythonhosted.org/packages/8d/ca/c1040a4fd15754ede7df15fd72fc2e123045b473b253ab5f5284e11c651e/django-6.1.1-py3-none-any.whl", hash = "sha256:585fb82bf15053c42cf52e67c2f1b54a032dca384759315fd6678ab1870d1d72", size = 8419512, upload-time = "2026-09-02T17:20:39.153Z" },
]

[[package]]
name = "django-dbtasks"
version = "0.4.0"
source = { editable = "." }

[package.optional-dependencies]
serve = [
    { name = "granian", extra = ["reload"] },
]

[package.dev-dependencies]
dev = [
    { name = "django" },
    { name = "mysql-connector-python" },
    { name = "psycopg" },
]

[package.metadata]
requires-dist = [{ name = "granian", extras = ["reload"], marker = "extra == 'serve'", specifier = ">=2.4.2" }]
provides-extras = ["serve"]

[package.metadata.requires-dev]
dev = [
    { name = "django", specifier = ">=6.0" },
    { name = "mysql-connector-python", specifier = ">=9.5.0" },
    { name = "psycopg", specifier = ">=3.3.2" },
]

[[package]]
name = "granian"
version = "2.8.3"
source = { registry = "https://pypi.org/simple" }
dependencies = [
    { name = "click" },
]
sdist = { url = "https://files.pythonhosted.org/packages/bb/42/bba335017a43cfe33da63685f341a9e21a9725e02f7f42a7be812234e1c4/granian-2.8.3.tar.gz", hash = "sha256:482315abc9dca49051e4246a0bf2f09a1349a9a8d554111657559e038c91a6c4", size = 130333, upload-time = "2026-09-14T12:01:42.284Z" }
wheels = [
    { url = "https://files.pythonhosted.org/packages/a2/34/760b77cb8dd6e95e127c6408a77e2e5d063ac40524a7013f98858ffb0f1d/granian-2.8.3-cp312-cp312-macosx_10_12_x86_64.whl", hash = "sha256:cca5733a845ee2e48acd0c1c48e897d4a01b19186d0b203a41aa95d2f6cbba07", size = 4575747, upload-time = "2026-09-14T11:59:34.016Z" },
    { url = "https://files.pythonhosted.org/packages/75/5a/c0c9b102b19249c05929fce5e790c9e13ecceeb40b75dc52339dd3c66b8e/granian-2.8.3-cp312-cp312-macosx_11_0_arm64.whl", hash = "sha256:f0c7bbfa3bf127e3577f61bcd1667e6ae7967366c629710d4e2327392ec4d517", size = 4340226, upload-time = "2026-09-14T11:59:35.65Z" },
    { url = "https://files.pythonhosted.org/packages/f7/cf/765088a1d7a09cff9031418bbec7a70276c152a8fe306e67c3d110c768fd/granian-2.8.3-cp312-cp312-manylinux_2_17_armv7l.manylinux2014_armv7l.whl", hash = "sha256:aca584f74a8df88013641cf8d73bfdd0c072222d19939d82e90968849220c1b9", size = 5111874, upload-time = "2026-09-14T11:59:37.475Z" },
    { url = "https://files.pythonhosted.org/packages/5a/12/c966430468b53fc6bc9abf33ddab2be969b0d0f33072ebabfdbfc0f5cbbe/granian-2.8.3-cp312-cp312-manylinux_2_17_i686.manylinux2014_i686.whl", hash = "sha256:40ddd6abd31a09c0deca63c41a2a00e49dd0328878f4b8047a9ac1828adfd940", size = 4663967, upload-time = "2026-09-14T11:59:39.065Z" },
    { url = "https://files.pythonhosted.org/packages/63/9d/f2168173f485eba399269e6bcf66532ec2f697a64757c3f68b96c17f295f/granian-2.8.3-cp312-cp312-manylinux_2_17_x86_64.manylinux2014_x86_64.whl", hash = "sha256:a1e2343d86b44c5aab4f621cf9cf7034afc9f5f99a708971ff4fc3d041fb509e", size = 5042926, upload-time = "2026-09-14T11:59:40.739Z" },
    { url = "https://files.pythonhosted.org/packages/7b/2d/004edb40e1d0b055493bc4e85f8f1f238ac1b4269e118e69aef034aea7d8/granian-2.8.3-cp312-cp312-manylinux_2_28_aarch64.whl", hash = "sha256:6743eab55ea482bbf3c6df210b75feaaa4d4a1fabf89781aaa701441bc61a5b4", size = 5193049, upload-time = "2026-09-14T11:59:42.428Z" },
    { url = "https://files.pythonhosted.org/packages/34/f6/49a6a222096b0d40fb775f9534a162871a836e271f9f65cf730d1e699650/granian-2.8.3-cp312-cp312-musllinux_1_1_aarch64.whl", hash = "sha256:63ec6ee2cbcccb785544c7bc3a6dc1d3dc7733436e2a4cbb39260457d15030c0", size = 5230122, upload-time = "2026-09-14T11:59:44.237Z" },
    { url = "https://files.pythonhosted.org/packages/bb/3e/e63149887e692efda99a1314ec48d3894d2e770744feb9553d9a61d2591b/granian-2.8.3-cp312-cp312-musllinux_1_1_armv7l.whl", hash = "sha256:09f260b336b58e68cd55f053e8148e6af5285e77a49237eb82a74ad1c3f9b402", size = 5214911, upload-time = "2026-09-14T11:59:45.895Z" },
    { url = "https://files.pythonhosted.org/packages/ed/cb/1e42765c9737d2d7738b25e9a68260e73351ecbc072afc4ca794a97599cd/granian-2.8.3-cp312-cp312-musllinux_1_1_x86_64.whl", hash = "sha256:52b2c61a887960d45e6d93bb94efba94ec58708e8008213c14cd2a54771e2d91", size = 5133126, upload-time = "2026-09-14T11:59:47.845Z" },
    { url = "https://files.pythonhosted.org/packages/80/aa/7c44c4e506da6a72374b2ec5a80c0495f5f276119980462d3cbd97a80749/granian-2.8.3-cp312-cp312-win_amd64.whl", hash = "sha256:23a4d63a2ee6bd921d089c8ff29d57dada9d947452bf277ef54651ba18225d22", size = 3177374, upload-time = "2026-09-14T11:59:49.535Z" },
    { url = "https://files.pythonhosted.org/packages/f9/6b/56951af47882ebb679cbcf7bbfeef741fefedf0406e26ba78a996672cdec/granian-2.8.3-cp313-cp313-macosx_10_12_x86_64.whl", hash = "sha256:d414ad9e416512ab28fcb20462ef38cbd57a0ee120a2df8a65e9267e7ccdddc3", size = 4564711, upload-time = "2026-09-14T11:59:51.097Z" },
    { url = "https://files.pythonhosted.org/packages/c4/03/1c351182b49c7589b8fff4391133eb17523f531e7115b51fe6a8619a529a/granian-2.8.3-cp313-cp313-macosx_11_0_arm64.whl", hash = "sha256:61449f75aee47fd7a0732d0d7e7ff44e8f3a62059d581791cc5cd0033ba91f79", size = 4328105, upload-time = "2026-09-14T11:59:52.668Z" },
    { url = "https://files.pythonhosted.org/packages/6f/0f/6cb92c325c8b782a72c3ab8080d52db1ae1e938ff811140d7ac1c3e8a780/granian-2.8.3-cp313-cp313-manylinux_2_17_armv7l.manylinux2014_armv7l.whl", hash = "sha256:ae493c3a431fca1c35a36d66d1cbf6dbbb35f4157fdcda6f5147390baba9f7d3", size = 5109240, upload-time = "2026-09-14T11:59:54.39Z" },
    { url = "https://files.pythonhosted.org/packages/bf/f8/d965efa40bbecbacbe39fa32f6333c00d9e55e2fa258d4e994f951a2bcc5/granian-2.8.3-cp313-cp313-manylinux_2_17_i686.manylinux2014_i686.whl", hash = "sha256:550d1717955abb2fc208080c11cb2438f0f63285519765cc6cea17877634fd93", size = 4662817, upload-time = "2026-09-14T11:59:56.409Z" },
    { url = "https://files.pythonhosted.org/packages/e7/14/9716c59d4abbe5b17163d59c271dca1157e304894ef7268dab28db3d8735/granian-2.8.3-cp313-cp313-manylinux_2_17_x86_64.manylinux2014_x86_64.whl", hash = "sha256:586c3897aad0292dd8117663ff8eb09baf2ecdce475051eb4947e2bc9ff2ce86", size = 5049711, upload-time = "2026-09-14T11:59:58.449Z" },
    { url = "https://files.pythonhosted.org/packages/99/c5/b769a1eb34915f1329bc26877e9352ecd6d7ba88880477a996f459000a97/granian-2.8.3-cp313-cp313-manylinux_2_28_aarch64.whl", hash = "sha256:605b2c86d6ea41f6ef9061da6d19f63003de0fd558efa1681cecab8025c8f872", size = 5196365, upload-time = "2026-09-14T12:00:00.088Z" },
    { url = "https://files.pythonhosted.org/packages/b7/1e/bb97ba01caa0e13534b6378490618b0bcf79d2ac95acd0e78ff4279b9250/granian-2.8.3-cp313-cp313-musllinux_1_1_aarch64.whl", hash = "sha256:b37c236b7cff81e1859c0d8848f92e5446218cae60190440ff9c6009795f385b", size = 5234707, upload-time = "2026-09-14T12:00:02.77Z" },
    { url = "https://files.pythonhosted.org/packages/d5/7a/97b1e8c70ccb58d15ecca0ea9f46e343f56b4ccac004ff2589f26a083225/granian-2.8.3-cp313-cp313-musllinux_1_1_armv7l.whl", hash = "sha256:90036622768e05f57c519b5489acd6b36c84cfe5641fc2f88144966d9476d883", size = 5212665, upload-time = "2026-09-14T12:00:04.594Z" },
    { url = "https://files.pythonhosted.org/packages/b8/a2/3e443be05ccb3c0b0b0cedf82225a37bd7ad34f9844bf8e8c56c325067c9/granian-2.8.3-cp313-cp313-musllinux_1_1_x86_64.whl", hash = "sha256:850371eb3545c08d0f2817bce0f6de555ebf7eb34a2da75c59248c68cf29e148", size = 5138260, upload-time = "2026-09-14T12:00:06.264Z" },
    { url = "https://files.pythonhosted.org/packages/15/27/77dbfbefaca84136c14389780f49bdcc491c12856e7427801ecc3b990f44/granian-2.8.3-cp313-cp313-win_amd64.whl", hash = "sha256:67c720028bb04a2f8acfe96aadd2bfdd748e240027fd4b832611db62fe61d0b0", size = 3169370, upload-time = "2026-09-14T12:00:08.042Z" },
    { url = "https://files.pythonhosted.org/packages/66/3c/51da6a5945c69a1d21dc1f65f5681c08d444a033b3021a55d17ef803face/granian-2.8.3-cp314-cp314-macosx_10_12_x86_64.whl", hash = "sha256:dd8bb58171d0a2b8f070c95e615b5bd3f8c51626dec3b8ce4df9ef69958e5f85", size = 4575721, upload-time = "2026-09-14T12:00:09.804Z" },
    { url = "https://files.pythonhosted.org/packages/2d/b7/3c5915bd24aa51ec9dd53a7b7f60bb58b16834bebe9af63c99c1f70f5d3f/granian-2.8.3-cp314-cp314-macosx_11_0_arm64.whl", hash = "sha256:2560ed682322163d15028632e105d8612db32ff3bbb1c41b4ca6b4313fce9c1f", size = 4396359, upload-time = "2026-09-14T12:00:11.62Z" },
    { url = "https://files.pythonhosted.org/packages/d0/82/a5762677254a3d3b84333c220bf8232be6b51c52e1bdf1d3575e6b8c57c2/granian-2.8.3-cp314-cp314-manylinux_2_17_armv7l.manylinux2014_armv7l.whl", hash = "sha256:0f91937035f5cb01786ef62a5b0f503bd1e0015033f97ee9097ccf9194dc844d", size = 5107953, upload-time = "2026-09-14T12:00:13.614Z" },
    { url = "https://files.pythonhosted.org/packages/79/15/7857d66c092f6dde5e71235fbfd530be3499f694e1179f163a0b16138c8d/granian-2.8.3-cp314-cp314-manylinux_2_17_i686.manylinux2014_i686.whl", hash = "sha256:39bd25c9a071b76c8464e33c170a9e21a14518c73ef1600b93bded6f73a827f3", size = 4661122, upload-time = "2026-09-14T12:00:15.354Z" },
    { url = "https://files.pythonhosted.org/packages/e8/1d/3492782213b64e5b8cc72f782d706d87dd39bf5aea0f1672d42ca24ddf63/granian-2.8.3-cp314-cp314-manylinux_2_17_x86_64.manylinux2014_x86_64.whl", hash = "sha256:9cae8210eac31ce005838628027676eef48c253fda16f5f635550e2636f9d4e2", size = 5012328, upload-time = "2026-09-14T12:00:17.158Z" },
    { url = "https://files.pythonhosted.org/packages/81/4a/a8b9ccce669e75e0bdf569f1af390dbf13799ec26356119fd231b8b1a938/granian-2.8.3-cp314-cp314-manylinux_2_28_aarch64.whl", hash = "sha256:6bbdab4a8536693ab8d7d8540d364c49941574e0d966c0e4566d147910391b89", size = 5146580, upload-time = "2026-09-14T12:00:19.091Z" },
    { url = "https://files.pythonhosted.org/packages/07/07/abeb1e3861ca59a1748de23a30559954d5c6dfda42e88ba5e31fad53de32/granian-2.8.3-cp314-cp314-musllinux_1_1_aarch64.whl", hash = "sha256:333552f8fbc4f1dcb1322e4fac4eb05611240474b000baa0b5cb7f0c79cc9fcf", size = 5187156, upload-time = "2026-09-14T12:00:21.153Z" },
    { url = "https://files.pythonhosted.org/packages/12/cd/7bdd806c30bd347af4b2f4d43a53ea0d66c5538d1a90fd728bcfa85033a4/granian-2.8.3-cp314-cp314-musllinux_1_1_armv7l.whl", hash = "sha256:a366ed2412c1ac2e86472c081c672a0b1064290cbcd2910245090ad07a79ac09", size = 5211134, upload-time = "2026-09-14T12:00:22.831Z" },
    { url = "https://files.pythonhosted.org/packages/33/31/4bdf3c62a871945af994ad02ac7851f3160d1332031012d7c67cf4327c2c/granian-2.8.3-cp314-cp314-musllinux_1_1_x86_64.whl", hash = "sha256:3528ce2692ac717ea090068708fe4aa8887264df10c6897dd72b8fc66b4e39c0", size = 5097603, upload-time = "2026-09-14T12:00:24.703Z" },
    { url = "https://files.pythonhosted.org/packages/b2/1c/ce41852aeb4e8128c118175cfe884e319dc1d808b690f231edf841f32e8d/granian-2.8.3-cp314-cp314-win_amd64.whl", hash = "sha256:cdbba6d27d069eaa6415e5c928f0a14e878ecae1bd2462ff44591b94757f240e", size = 3136766, upload-time = "2026-09-14T12:00:26.584Z" },
    { url = "https://files.pythonhosted.org/packages/21/1a/2501c0caaa0c1b08946c5b3a4ce9b0c7b7f5fcb2630c5bad9a93f000c7ec/granian-2.8.3-cp314-cp314t-macosx_10_12_x86_64.whl", hash = "sha256:61a4d3905f045cf4ec06e63100e6ae598d1d095ba5719009602ff64ea4e7c54f", size = 4529594, upload-time = "2026-09-14T12:00:28.484Z" },
    { url = "https://files.pythonhosted.org/packages/3d/5d/ad88db9e97a6b712e7c9e842f321b9dac39e1f2f9c5247095f2c5f4803ee/granian-2.8.3-cp314-cp314t-macosx_11_0_arm64.whl", hash = "sha256:bcac9ff2955ed231caf0e86a99d8aef144d040e8071852e726234917033eb65f", size = 4251242, upload-time = "2026-09-14T12:00:30.37Z" },
    { url = "https://files.pythonhosted.org/packages/bd/d7/d1441a70d5992f34857fb1a59d22b4038981aec7ea1cf3ba8c56384631c7/granian-2.8.3-cp314-cp314t-manylinux_2_12_i686.manylinux2010_i686.whl", hash = "sha256:18b5f2aba8cc3666a5b9e38b0e76f07454e70ddd99d58d7c19ff293735997692", size = 4434984, upload-time = "2026-09-14T12:00:32.288Z" },
    { url = "https://files.pythonhosted.org/packages/e6/73/9f28b85dcd34bd2246ca2942a13b993ced4bdaec5527a75b518a6b230da5/granian-2.8.3-cp314-cp314t-manylinux_2_17_armv7l.manylinux2014_armv7l.whl", hash = "sha256:8bb65ed63dc61ea6f1201bd4b7f42864a898dde686649c34668fc8a716a1bc5a", size = 5055086, upload-time = "2026-09-14T12:00:34.153Z" },
    { url = "https://files.pythonhosted.org/packages/20/0f/e2236d9cb79b9c9bc657f13dc3b08a3c8ddcfc82324cc7e6c1bc12d3d4ba/granian-2.8.3-cp314-cp314t-manylinux_2_17_x86_64.manylinux2014_x86_64.whl", hash = "sha256:52f09d7edd8b793a97a6daace55494ac639614f041b0c975e826cfd4c3ba55d7", size = 4903430, upload-time = "2026-09-14T12:00:35.884Z" },
    { url = "https://files.pythonhosted.org/packages/5e/4f/c2fed6a281ce1d1a48558212d42f6c59f07ff557e19f043299f5b7ca4c0f/granian-2.8.3-cp314-cp314t-manylinux_2_28_aarch64.whl", hash = "sha256:bc561c8854d066bb6350ce9e3eb172589093bf6983f355117b7116d2ecae88f2", size = 5028833, upload-time = "2026-09-14T12:00:37.697Z" },
    { url = "https://files.pythonhosted.org/packages/43/20/bb261857c5b11e567fdae01eddd58b551db0977393720185e72fb004be86/granian-2.8.3-cp314-cp314t-musllinux_1_1_aarch64.whl", hash = "sha256:139c9f27aaaa212e82db8d0097e72ef3bcd279c3d522e2153ad51fe600277d78", size = 5224912, upload-time = "2026-09-14T12:00:39.53Z" },
    { url = "https://files.pythonhosted.org/packages/fd/ce/cdef0b03fe1d5fa5aa4ccce721bc845facb3201c27581002046832cc5c50/granian-2.8.3-cp314-cp314t-musllinux_1_1_armv7l.whl", hash = "sha256:af0581770cce506000eefa16cfcc57c07759d25eb1aa258983d19785a7353c4c", size = 5183941, upload-time = "2026-09-14T12:00:41.802Z" },
    { url = "https://files.pythonhosted.org/packages/94/0a/ea41431e196534be0555a106f6384e6efac7f5b416949a0d95a29e634d4f/granian-2.8.3-cp314-cp314t-musllinux_1_1_x86_64.whl", hash = "sha256:8757d7a0f4fd6b036da4380f170a9478e70ace84fc75f5d1d11d35e862083c9c", size = 5141420, upload-time = "2026-09-14T12:00:43.804Z" },
    { url = "https://files.pythonhosted.org/packages/e5/c7/5baa1e9adda5c2f51721209bfc5580b7592c64fb9c4ec2499db6b6e9201c/granian-2.8.3-cp314-cp314t-win_amd64.whl", hash = "sha256:09b3d6e0ab86028770e89f8bd00f5ed6c78ba9d394376cff74d48541e33837c1", size = 3154370, upload-time = "2026-09-14T12:00:45.734Z" },
    { url = "https://files.pythonhosted.org/packages/cf/e6/983720195f0f91e82288830721b289c775a26bd404c19f6f3869c92cc3d2/granian-2.8.3-cp315-cp315-macosx_10_12_x86_64.whl", hash = "sha256:2c4303122ef5690c286dbf1038edeed43ba8f44d523a0488fdb42cb5379a1f51", size = 4575729, upload-time = "2026-09-14T12:00:47.544Z" },
    { url = "https://files.pythonhosted.org/packages/46/6a/3162b4025b4945971e14292fdbb6fa44f3aaa34bdf5dab75bc7418036773/granian-2.8.3-cp315-cp315-macosx_11_0_arm64.whl", hash = "sha256:b93319a5e8610779047433dfce1434d0d8699256dcae078c44e23990a20a0d5e", size = 4395780, upload-time = "2026-09-14T12:00:49.667Z" },
    { url = "https://files.pythonhosted.org/packages/67/c0/301382d3510f14c53f133affc260e0110e57ad99a1a9a0b042f96f741d49/granian-2.8.3-cp315-cp315-manylinux_2_17_armv7l.manylinux2014_armv7l.whl", hash = "sha256:8acb7b0738ed486a9daaf5eefac58c640904f03adc613548ac8df9241c4423f5", size = 5107920, upload-time = "2026-09-14T12:00:51.345Z" },
    { url = "https://files.pythonhosted.org/packages/c3/6d/dec2379e1ee84d903dcd432b61db56f6a08afbb67959c6303a91544a0da2/granian-2.8.3-cp315-cp315-manylinux_2_17_i686.manylinux2014_i686.whl", hash = "sha256:92a1b1a69a60cda824f3a6635de5087926b7129802c004b1802837666b42f0aa", size = 4661167, upload-time = "2026-09-14T12:00:53.173Z" },
    { url = "https://files.pythonhosted.org/packages/62/9b/77db659db0e64a45e756f56356fe37a6200779d7ae117183dddb8d27279a/granian-2.8.3-cp315-cp315-manylinux_2_17_x86_64.manylinux2014_x86_64.whl", hash = "sha256:5e6946c862f0ec17f504681ed2bbf13c875bd2f565069d050156be853d9af20a", size = 5012161, upload-time = "2026-09-14T12:00:54.894Z" },
    { url = "https://files.pythonhosted.org/packages/c1/15/937c957ff9baf8543da34c01de1f172369063256f0cd2185c7b54c124975/granian-2.8.3-cp315-cp315-manylinux_2_28_aarch64.whl", hash = "sha256:8b016f0ce0d7adcb512503c40afd28997f0a91f1839ce5afb16f6701ef85f8f5", size = 5145960, upload-time = "2026-09-14T12:00:56.792Z" },
    { url = "https://files.pythonhosted.org/packages/c8/a7/42949e6b8db143664be22f8807220980a5065b6497273e64233c01c6fa9e/granian-2.8.3-cp315-cp315-musllinux_1_1_aarch64.whl", hash = "sha256:903f0a2f363ded893aad6cff427c2725166bcc2ee063d728c78058ab8cfd933d", size = 5184317, upload-time = "2026-09-14T12:00:58.616Z" },
    { url = "https://files.pythonhosted.org/packages/7d/82/707ebec9fe24a4a71952dd6ef524c67599666a492e2e5f78d26705f73d8e/granian-2.8.3-cp315-cp315-musllinux_1_1_armv7l.whl", hash = "sha256:290b9cbb3aa46859c0c671e6b75d539e9c7c1b1d03de754856e1bc094f37b190", size = 5210829, upload-time = "2026-09-14T12:01:00.5Z" },
    { url = "https://files.pythonhosted.org/packages/10/5a/9e2e3c7632afc1a1421cb44e908c1b0557c4dc0c726e7e63fdfe1cf8d8dd/granian-2.8.3-cp315-cp315-musllinux_1_1_x86_64.whl", hash = "sha256:5f5a3e25302e5ac5e500d1bb67902488406fe88a4b159718443ec943c141bf2e", size = 5096591, upload-time = "2026-09-14T12:01:02.357Z" },
    { url = "https://files.pythonhosted.org/packages/6e/ae/087a6f69e56017468f3f0e35061cd6e28163837d504b097fc662dc969d67/granian-2.8.3-cp315-cp315-win_amd64.whl", hash = "sha256:3fb6392c5a1afad77bf61de8eee50aade65a071cf37c2de47e9b23c6bef1ffbe", size = 3139734, upload-time = "2026-09-14T12:01:04.247Z" },
    { url = "https://files.pythonhosted.org/packages/bd/eb/409b32b53f702724075f8a27c0a7413b17df11edb996ae583d390eb93dd8/granian-2.8.3-cp315-cp315t-macosx_10_12_x86_64.whl", hash = "sha256:c848fdfbfb9d55d560367c6d22fb0f857de8b26527f4d276d3c564aa849bac2c", size = 4529155, upload-time = "2026-09-14T12:01:06.256Z" },
    { url = "https://files.pythonhosted.org/packages/34/97/b8012f967a0906c20a8e3747559ff9f5d4c8565caf383de746c476c23895/granian-2.8.3-cp315-cp315t-macosx_11_0_arm64.whl", hash = "sha256:8fecbfa4e1f2e4c7ada811c0e09eb3b9367471d5d1c49e9b5d24089360293d77", size = 4250360, upload-time = "2026-09-14T12:01:08.044Z" },
    { url = "https://files.pythonhosted.org/packages/09/b6/1cfb5d924d8dab434e563e70a7dddf28c91660f955746892932717dbdf6b/granian-2.8.3-cp315-cp315t-manylinux_2_12_i686.manylinux2010_i686.whl", hash = "sha256:371a0774532b51fb031d8000f38a1bdf0e6e1399ef5ea7d71d10dbbd281e9e75", size = 4435041, upload-time = "2026-09-14T12:01:09.984Z" },
    { url = "https://files.pythonhosted.org/packages/79/b7/caa023b19eb4a6335e750e9520d1730e70d05b8eab5c0228c8fec73ad1cc/granian-2.8.3-cp315-cp315t-manylinux_2_17_armv7l.manylinux2014_armv7l.whl", hash = "sha256:605872e2d726b8f0e66126045eb2eb38c0544cb7e8ea402563776d813ece2824", size = 5052571, upload-time = "2026-09-14T12:01:11.944Z" },
    { url = "https://files.pythonhosted.org/packages/d7/dd/7d887086572d4928e000bce7c2c701bf537bfa1d94a80469b9ef01720c8f/granian-2.8.3-cp315-cp315t-manylinux_2_17_x86_64.manylinux2014_x86_64.whl", hash = "sha256:389e02f85a32b0fccc3b0a29291f421138c0e6a1e519a9612e26eff3af25dedc", size = 4903864, upload-time = "2026-09-14T12:01:13.842Z" },
    { url = "https://files.pythonhosted.org/packages/9a/f5/28f2d39fcb9837ac8b0e7a6b3cbaad7c2c44d48341f2d301059978ad3057/granian-2.8.3-cp315-cp315t-manylinux_2_28_aarch64.whl", hash = "sha256:81faeabff381652216b983ee8adb84ead45b3613f58d6bc86e41cc27b31dbba8", size = 5028778, upload-time = "2026-09-14T12:01:15.766Z" },
    { url = "https://files.pythonhosted.org/packages/95/5a/e27e7d5791c543430d495937861c0fbe141c9dff11338b9cd56b36e5f488/granian-2.8.3-cp315-cp315t-musllinux_1_1_aarch64.whl", hash = "sha256:cb18bd7ad158bf6bb9f10e2d1994ff0e73f9a44b37c237891cbf44ac3f353899", size = 5225833, upload-time = "2026-09-14T12:01:17.66Z" },
    { url = "https://files.pythonhosted.org/packages/83/80/e8a24a429e7ed21bcd504449dd0701775652754385f9b0478c5f8ac7fbf0/granian-2.8.3-cp315-cp315t-musllinux_1_1_armv7l.whl", hash = "sha256:4038f20cc558b9d2654c4222354f661b76eb5f4288eced373b8f0491a8cd4953", size = 5183419, upload-time = "2026-09-14T12:01:19.568Z" },
    { url = "https://files.pythonhosted.org/packages/a4/d2/672a6c5f828c69e857bf367811aaffd910c07ddd0805fa6ffead1cc5d8bf/granian-2.8.3-cp315-cp315t-musllinux_1_1_x86_64.whl", hash = "sha256:031cfea8e03741311f6fee6cb3e95b77e57646045abfd38e8e32127e0118c5d1", size = 5140645, upload-time = "2026-09-14T12:01:21.744Z" },
    { url = "https://files.pythonhosted.org/packages/21/b8/12ef3f0dd3b56108c284e2f1e18aa77d47f2c55b6eb0e822652cf1229f54/granian-2.8.3-cp315-cp315t-win_amd64.whl", hash = "sha256:d706a87d311ebb916ee7ad9cccebcb070daabbbdd7964d4a222575bdcc2a63fb", size = 3153969, upload-time = "2026-09-14T12:01:23.561Z" },
]

[package.optional-dependencies]
reload = [
    { name = "watchfiles" },
]

[[package]]
name = "idna"
version = "3.20"
source = { registry = "https://pypi.org/simple" }
sdist = { url = "https://files.pythonhosted.org/packages/f5/08/8eea9d4b8302028f3abb2c0813953f7aec26d33b7a8960ed760e65ff29fa/idna-3.20.tar.gz", hash = "sha256:a7db850025b95ded1eae8a46181a1a6c56c92c96f0e2b005d9ff8dc0210cab44", size = 216463, upload-time = "2026-09-17T14:11:04.752Z" }
wheels = [
    { url = "https://files.pythonhosted.org/packages/58/a2/bb081bab032533a855d44de1d56f8e8426114ff1ba5d1f07a438a0a654f8/idna-3.20-py3-none-any.whl", hash = "sha256:ab7ae7122974553370f0bdb919e1a960b2cd1bc1ef0276416d896db81c14582c", size = 69583, upload-time = "2026-09-17T14:11:03.168Z" },
]

[[package]]
name = "mysql-connector-python"
version = "26.7.0"
source = { registry = "https://pypi.org/simple" }
sdist = { url = "https://files.pythonhosted.org/packages/f2/ce/a53b169388f8c6a595cfa9a653138381f3afef1d2af60f5c1972d015f52f/mysql_connector_python-26.7.0.tar.gz", hash = "sha256:d8ff5ee236ea46661ee639336323e124ed868e37f3ea991bdc5de5a146f39fd5", size = 12256009, upload-time = "2026-07-29T10:24:13.314Z" }
wheels = [
    { url = "https://files.pythonhosted.org/packages/e3/24/8c3516ee9edc3d740059253410bcb30a0dd7686bfd876eb905af6b92b4e6/mysql_connector_python-26.7.0-cp312-cp312-macosx_14_0_arm64.whl", hash = "sha256:9b63672cc381f097966faecd6940beb2a91f9efdf674a5807dc45f4efdb42e62", size = 20279974, upload-time = "2026-07-29T10:18:12.334Z" },
    { url = "https://files.pythonhosted.org/packages/ad/9c/d2f705d2caaf2c91d05bdea0d67dde7cc243a62245ee91fba4e201e24ea1/mysql_connector_python-26.7.0-cp312-cp312-macosx_14_0_x86_64.whl", hash = "sha256:375f9a042398e515a670003f26ab07e9b2ecaecba6eaf678f66fb5c2d36bd305", size = 19840279, upload-time = "2026-07-29T10:18:15.057Z" },
    { url = "https://files.pythonhosted.org/packages/4f/1c/73b9f540fbbcf78949e00d673db576f61ab93e7824e31dfb568295e58f2c/mysql_connector_python-26.7.0-cp312-cp312-manylinux_2_28_aarch64.whl", hash = "sha256:227063e73c3d7b0326bc6ce9af47b8aa081e53a4e97e8683bba658569cb57271", size = 21954262, upload-time = "2026-07-29T10:18:18.148Z" },
    { url = "https://files.pythonhosted.org/packages/2d/0c/7dc1c1367a6a7881f20b0ed8bf92133d4710ea0dce22657972f56bf2a365/mysql_connector_python-26.7.0-cp312-cp312-manylinux_2_28_x86_64.whl", hash = "sha256:e118030bdd6a9882f5aa80a0c0c88d684d0e82d78747e5baf3c3e54a5a2d1348", size = 21746245, upload-time = "2026-07-29T10:18:20.65Z" },
    { url = "https://files.pythonhosted.org/packages/59/d1/1988f561be35527ab8a8906d97f52b60160ef50578cbe13096c66ef9d41a/mysql_connector_python-26.7.0-cp313-cp313-macosx_14_0_arm64.whl", hash = "sha256:2be2f5b8ffc66bac305afee970256e74b2bc1d072cd0d21a277af3c9ff5fcb1d", size = 20280143, upload-time = "2026-07-29T10:18:22.998Z" },
    { url = "https://files.pythonhosted.org/packages/2e/78/d13a243bcc7299dfc74265f4896a1bf3c09d230b81f505c9da99593a4246/mysql_connector_python-26.7.0-cp313-cp313-macosx_14_0_x86_64.whl", hash = "sha256:6e2d06c653c7f18ae91c5899e62210565660c871941769b1725c8dfa98da66b8", size = 19840273, upload-time = "2026-07-29T10:18:25.85Z" },
    { url = "https://files.pythonhosted.org/packages/40/cc/93c38d25b0c1b0b784b7cf7a94699b5d6379ce315329f9e789e827cd50d0/mysql_connector_python-26.7.0-cp313-cp313-manylinux_2_28_aarch64.whl", hash = "sha256:9f8fde7f909891bc5093f63e3b78a8f80b637591d8f77591a758cf78541325b8", size = 21954459, upload-time = "2026-07-29T10:18:28.76Z" },
    { url = "https://files.pythonhosted.org/packages/33/5a/ffc4663fb061f612b6efe2afc3b1c94cec4de86af8b4736935010c159263/mysql_connector_python-26.7.0-cp313-cp313-manylinux_2_28_x86_64.whl", hash = "sha256:ec8fe2f5af701d3146a6e31ef2fce293f2418c148a99df7c9917f87cfcdaea93", size = 21746465, upload-time = "2026-07-29T10:18:31.331Z" },
    { url = "https://files.pythonhosted.org/packages/78/68/1ee48a7c2c1104e6fe6cf8a98d6fbdba547d72331a3d1352fe2443e3cf95/mysql_connector_python-26.7.0-cp313-cp313-win_amd64.whl", hash = "sha256:fd10764bd6dadb0ad44475126a87d184dac519712874459ab5f3976c23314f22", size = 17682618, upload-time = "2026-07-29T10:18:33.684Z" },
    { url = "https://files.pythonhosted.org/packages/eb/46/a2383cebea1cf22e07a0bc7b6e5035baac04de18415df188d257b68abab2/mysql_connector_python-26.7.0-cp314-cp314-macosx_14_0_arm64.whl", hash = "sha256:c02cc3d5e4763ddc960fce521bd353b242cfec4c6a936234916f2597bfd656cd", size = 20280169, upload-time = "2026-07-29T10:18:38.298Z" },
    { url = "https://files.pythonhosted.org/packages/62/4b/200023b5628ac075c1182c62999195dc096aeaf24787f0697f0830a886c4/mysql_connector_python-26.7.0-cp314-cp314-macosx_14_0_x86_64.whl", hash = "sha256:32f63bbf069b242921c13de05e56857625e167d64fc7fa4f15e05478d78c56fe", size = 19840283, upload-time = "2026-07-29T10:18:40.451Z" },
    { url = "https://files.pythonhosted.org/packages/74/7c/e57f2dada0a371c37715b2e402bf7b403718a265aa8afd341c91a7674d97/mysql_connector_python-26.7.0-cp314-cp314-manylinux_2_28_aarch64.whl", hash = "sha256:a86c988f033d3e116c5d326931aabae340ebef0425399bcd5f076af877ae0fbc", size = 21956488, upload-time = "2026-07-29T10:18:42.91Z" },
    { url = "https://files.pythonhosted.org/packages/02/be/c57e60d49e481cd8a7e5ab0ed874bf18dc90f32aed6d3953213ddbb7d86a/mysql_connector_python-26.7.0-cp314-cp314-manylinux_2_28_x86_64.whl", hash = "sha256:76cffea9fc0cd9d4d5c79935a18342d9680f2c0dc0d5675b966b3df06229f238", size = 21747047, upload-time = "2026-07-29T10:18:45.719Z" },
    { url = "https://files.pythonhosted.org/packages/34/a6/946645e3c7e8feb159c97b2e8f612075e4ec08c0fb7d26d310d7e1b0e22c/mysql_connector_python-26.7.0-cp314-cp314-win_amd64.whl", hash = "sha256:a4eac2b4bcbf18fbaab736b5c3996425728472fea7b3d71a8c7056aa6349471f", size = 18207344, upload-time = "2026-07-29T10:18:47.926Z" },
    { url = "https://files.pythonhosted.org/packages/ff/01/07efeb3e3fc730f945af40ddf1f4c879c13945b193a94eba8e642c0d4176/mysql_connector_python-26.7.0-py2.py3-none-any.whl", hash = "sha256:43ee453b53556f690e4f4b795d3f17a1c6d4b45f729657bb0d999c8dfc9261d5", size = 480733, upload-time = "2026-07-29T10:18:49.777Z" },
]

[[package]]
name = "psycopg"
version = "3.3.6"
source = { registry = "https://pypi.org/simple" }
dependencies = [
    { name = "typing-extensions", marker = "python_full_version < '3.13'" },
    { name = "tzdata", marker = "sys_platform == 'win32'" },
]
sdist = { url = "https://files.pythonhosted.org/packages/76/26/3ea4ca5eaea1c0debcdf7ee7c1613fbe721dc27a03c461c0817ffd8a0601/psycopg-3.3.6.tar.gz", hash = "sha256:c081f2250df751a943036e42db6df4571c66cd0aabe8291a7a506512b12007d2", size = 168171, upload-time = "2026-09-18T13:22:55.152Z" }
wheels = [
    { url = "https://files.pythonhosted.org/packages/4e/de/748bd7609c71cae5d737f0ba9192f19329f70180ecda8fff3cac02c5abe3/psycopg-3.3.6-py3-none-any.whl", hash = "sha256:a1db9f7148b06a28606767efaca51fa6f9398c5c0a3810519be69d7000bdb631", size = 215490, upload-time = "2026-09-18T13:15:29.374Z" },
]

[[package]]
name = "sqlparse"
version = "0.6.0"
source = { registry = "https://pypi.org/simple" }
sdist = { url = "https://files.pythonhosted.org/packages/5f/d3/3f06a1006f2261d1342aefb3c71eed02f5d4ca5bdbecd86ebc12ad38306e/sqlparse-0.6.0.tar.gz", hash = "sha256:113c35c75365ab9cc9c7231d68c6428fb11c085fc8e9eb1ad659b7ddbf6cd2b9", size = 178477, upload-time = "2026-08-13T19:16:06.396Z" }
wheels = [
    { url = "https://files.pythonhosted.org/packages/d9/50/f00935da0ec7cbf325f8dc4f772ae46fbc7b672dd62876e73f0a94adda57/sqlparse-0.6.0-py3-none-any.whl", hash = "sha256:b861c0288ce2fa56209a9a6412d2e066ac664b3873b89c26c9d8415e8e32996f", size = 50070, upload-time = "2026-08-13T19:16:04.062Z" },
]

[[package]]
name = "typing-extensions"
version = "4.16.0"
source = { registry = "https://pypi.org/simple" }
sdist = { url = "https://files.pythonhosted.org/packages/f6/cc/6253133b5bb138fc3306cebfbda2c520f545d36b5be2c7255cc528bb45d6/typing_extensions-4.16.0.tar.gz", hash = "sha256:dc983d19a509c94dba722ee6abd33940f7c05a89e243c47e907eb4db6f1a43e5", size = 113555, upload-time = "2026-07-02T08:40:05.92Z" }
wheels = [
    { url = "https://files.pythonhosted.org/packages/49/d3/b8441a820a491ddfc024b0b0cf0393375b75ea13866d9c66727e54c2fc80/typing_extensions-4.16.0-py3-none-any.whl", hash = "sha256:481caa481374e813c1b176ada14e97f1f67a4539ce9cfeb3f350d78d6370c2e8", size = 45571, upload-time = "2026-07-02T08:40:04.659Z" },
]

[[package]]
name = "tzdata"
version = "2026.4"
source = { registry = "https://pypi.org/simple" }
sdist = { url = "https://files.pythonhosted.org/packages/e4/31/3d74fa778a63b98b7374323befcc0be5ab3bd94afd4096a0124e7379152c/tzdata-2026.4.tar.gz", hash = "sha256:f1b8bd365d8d210c55353f4d7f8d6d8561c0ba50d704b700d195a9424bba0d79", size = 199350, upload-time = "2026-09-12T12:56:03.251Z" }
wheels = [
    { url = "https://files.pythonhosted.org/packages/f9/bc/8737e8d54cf51106118039b83f485a4783112fab49ea9d044b234978a46e/tzdata-2026.4-py2.py3-none-any.whl", hash = "sha256:c2169a8b0a7a5e9674da5a135ccdfb2b3e671b333ed9fed17b41f73c34476e81", size = 347494, upload-time = "2026-09-12T12:56:01.67Z" },
]

[[package]]
name = "watchfiles"
version = "1.3.0"
source = { registry = "https://pypi.org/simple" }
dependencies = [
    { name = "anyio" },
]
sdist = { url = "https://files.pythonhosted.org/packages/b3/68/e6aa0b77d217b31f8f486ec0cdfe5e00e6e38dc0be657e7d85819b9faf0a/watchfiles-1.3.0.tar.gz", hash = "sha256:99aee4a07847c06820765fd7b1b49ceac4f3f711ccb7d104655a33231de1c207", size = 108119, upload-time = "2026-09-21T09:08:55.664Z" }
wheels = [
    { url = "https://files.pythonhosted.org/packages/68/fa/c0b840d5d8bafe640925408ce11095948c8945bb61be1e67d0ab629b872a/watchfiles-1.3.0-cp310-abi3-macosx_10_12_x86_64.whl", hash = "sha256:000b9688fc8133037a8b075c8ebf98f32844ff8964dda61e85c1db547dafc441", size = 399703, upload-time = "2026-09-21T09:08:13.518Z" },
    { url = "https://files.pythonhosted.org/packages/c7/8a/894799b485fe9473ad10422a0d9668e53fb78e3a2b5cc6061159572844ad/watchfiles-1.3.0-cp310-abi3-macosx_11_0_arm64.whl", hash = "sha256:bbc1198edfdc90fda0600f825aa94150f428dfcbf8138746f55998e0e660d64c", size = 397647, upload-time = "2026-09-21T09:08:15.16Z" },
    { url = "https://files.pythonhosted.org/packages/5a/61/f277cd5ead05f5d37b98b41fbdd0c943ee0c04d49738f62e902cb291cf43/watchfiles-1.3.0-cp310-abi3-manylinux_2_17_aarch64.manylinux2014_aarch64.whl", hash = "sha256:4af9c464d410e8c44b58ddf1cbec7c3a02c1cb2c6c80df9c74659ba2fbda0ab5", size = 454994, upload-time = "2026-09-21T09:08:16.587Z" },
    { url = "https://files.pythonhosted.org/packages/46/66/ea4c01382975e53b1ac1b0a0ea1b353416b8127fb6e04f5c1c313119aab6/watchfiles-1.3.0-cp310-abi3-manylinux_2_17_armv7l.manylinux2014_armv7l.whl", hash = "sha256:eb94e40b9a0db19636b5e3fed0a9803452ecc7381df13b385272abb779ee83ca", size = 460105, upload-time = "2026-09-21T09:08:17.961Z" },
    { url = "https://files.pythonhosted.org/packages/31/c3/1a501b597817096c9831c255f6270c124ce0e2faeb74124be24dcc93b86d/watchfiles-1.3.0-cp310-abi3-manylinux_2_17_i686.manylinux2014_i686.whl", hash = "sha256:7398930a2b76b9dc67a4e6b8bfc7baf30946892a86f417a3920c07bdd6febc30", size = 493761, upload-time = "2026-09-21T09:08:19.327Z" },
    { url = "https://files.pythonhosted.org/packages/5a/16/77352d05e152c7786a016e9f1decdb4507e8aa5bcf3343c72142a0413d14/watchfiles-1.3.0-cp310-abi3-manylinux_2_17_ppc64le.manylinux2014_ppc64le.whl", hash = "sha256:025b108f2d5cc2799cb941f79380df3e8b22bfb589c218e801767fe78d598c95", size = 577500, upload-time = "2026-09-21T09:08:20.723Z" },
    { url = "https://files.pythonhosted.org/packages/95/fe/81001c55b24466fe9911135e50269fd3a29f43e446627a92adfab54553b6/watchfiles-1.3.0-cp310-abi3-manylinux_2_17_s390x.manylinux2014_s390x.whl", hash = "sha256:be9ef3cd403d756a304a0a08a112163c63da7ec72c8c9d083c98818291ff8f29", size = 469209, upload-time = "2026-09-21T09:08:22.346Z" },
    { url = "https://files.pythonhosted.org/packages/8a/cf/e3ad894ed5909a7c44b0707e89bc25d19a3d78b3a7aec846119443b6ae56/watchfiles-1.3.0-cp310-abi3-manylinux_2_17_x86_64.manylinux2014_x86_64.whl", hash = "sha256:b5768b49e426fd5b550b012c866db347cdf15c398ef98dc557b6e6b72fa74cd1", size = 458353, upload-time = "2026-09-21T09:08:23.7Z" },
    { url = "https://files.pythonhosted.org/packages/7f/f5/2f106829e6e2bc91ad74614730f6df484202b9a4d20d927dbf2f08d37d44/watchfiles-1.3.0-cp310-abi3-manylinux_2_31_riscv64.whl", hash = "sha256:d36c72fcdc08f143d87316a4c4c3b064e340da2c7383d39803950740ed418935", size = 468707, upload-time = "2026-09-21T09:08:25.167Z" },
    { url = "https://files.pythonhosted.org/packages/15/37/2741ab776b978669c1f3bba1e573f1a184f727ab8b4d3a6d9c61090800ed/watchfiles-1.3.0-cp310-abi3-musllinux_1_1_aarch64.whl", hash = "sha256:f0c9865240e065a2247f4b5248528ae3d01e0e8ae071462c250c884dc16e3ee3", size = 632510, upload-time = "2026-09-21T09:08:26.532Z" },
    { url = "https://files.pythonhosted.org/packages/48/64/db4a4684275fe9b696ee5118c194705c1423b3d42181c3f8ee70194d5c73/watchfiles-1.3.0-cp310-abi3-musllinux_1_1_x86_64.whl", hash = "sha256:380f513d26cc2e598266b88d66456e07d67ef4be8f0f435a1154d9c44b43d509", size = 661723, upload-time = "2026-09-21T09:08:28.004Z" },
    { url = "https://files.pythonhosted.org/packages/52/80/95ddb24f6a2f595c031c24432ab7b8aa7d6d1ada0c6d63a552166e06e8d1/watchfiles-1.3.0-cp310-abi3-win32.whl", hash = "sha256:509d9f74d2bec5c1f4cd868ddcfe0c9601f7ea53066dfcb19d8ede742c4de661", size = 277761, upload-time = "2026-09-21T09:08:29.335Z" },
    { url = "https://files.pythonhosted.org/packages/48/a1/1c4a1b3c8030cd03206232612be8a6e8799093490c220b0fcb935d02b75a/watchfiles-1.3.0-cp310-abi3-win_amd64.whl", hash = "sha256:1acabde19b67e673274e89a04d613b7fb1f122e2c4b8ec9a581e59c149264b61", size = 290643, upload-time = "2026-09-21T09:08:30.45Z" },
    { url = "https://files.pythonhosted.org/packages/82/e0/d2db577c632d26d08078c4390dd870b8555c4e558df25d22270f0166c71f/watchfiles-1.3.0-cp310-abi3-win_arm64.whl", hash = "sha256:d978cc1dd7ba44f5590d7de74f7a9c8be7262d9e469c2c0efb8bbfc2574321dc", size = 285510, upload-time = "2026-09-21T09:08:31.561Z" },
    { url = "https://files.pythonhosted.org/packages/4f/55/a122743607939429ab6a7272672f49303aa02bbd34c3f06676765a3861de/watchfiles-1.3.0-cp314-cp314t-macosx_10_12_x86_64.whl", hash = "sha256:e0204f90677b7fb8d3a824279a71a01166bea9f6e53923b8056592d87b33b0b6", size = 395978, upload-time = "2026-09-21T09:08:32.747Z" },
    { url = "https://files.pythonhosted.org/packages/3e/9d/0ee1b0ea42acfe72afa2484f0222e2386dd09992e9034a81e63cc3cdab0a/watchfiles-1.3.0-cp314-cp314t-macosx_11_0_arm64.whl", hash = "sha256:7c1125e99f84934a92996ae343501285617373acd66f16b59fd5654b27ad8d80", size = 387997, upload-time = "2026-09-21T09:08:33.953Z" },
    { url = "https://files.pythonhosted.org/packages/b7/f2/4319c6b683e8bd28465dfc53c750617a2a07f072eb2e3ab0182ccf812229/watchfiles-1.3.0-cp314-cp314t-manylinux_2_17_aarch64.manylinux2014_aarch64.whl", hash = "sha256:a85e243c87109d9f48a2e0d10d6abdee8768cc114848b32281ec83d7f81d86ef", size = 448067, upload-time = "2026-09-21T09:08:35.104Z" },
    { url = "https://files.pythonhosted.org/packages/b7/71/9f37ac192a51a24de3a2d7fe9aac1e99b2b2668300674ff7a9f85d95beb1/watchfiles-1.3.0-cp314-cp314t-manylinux_2_17_armv7l.manylinux2014_armv7l.whl", hash = "sha256:dd538c71766c59c732e2c5cedc39323c99c11897b99f93eac773438e54af206a", size = 452881, upload-time = "2026-09-21T09:08:36.238Z" },
    { url = "https://files.pythonhosted.org/packages/34/07/1224667c32a4a96876ddd642da69733cbfe6a15897db0865aec5a882cebc/watchfiles-1.3.0-cp314-cp314t-manylinux_2_17_i686.manylinux2014_i686.whl", hash = "sha256:da213822ec9082b62cadf3008e07a8c690ec7a3c89f6dc5e55a8cf07b56a1b26", size = 484802, upload-time = "2026-09-21T09:08:37.717Z" },
    { url = "https://files.pythonhosted.org/packages/bd/4d/7f29cd87e1f826df86fc0418d0b8f370ca0311c29c618406dc492aad9951/watchfiles-1.3.0-cp314-cp314t-manylinux_2_17_ppc64le.manylinux2014_ppc64le.whl", hash = "sha256:d4593392e87669836670f87d62fc754059eaeb0e6157af44060a46558cebe5a3", size = 567522, upload-time = "2026-09-21T09:08:38.94Z" },
    { url = "https://files.pythonhosted.org/packages/e3/ac/3aa1f84abd4dbbfbae99a817dd931f77b439261c911189cad4c30fdfd470/watchfiles-1.3.0-cp314-cp314t-manylinux_2_17_s390x.manylinux2014_s390x.whl", hash = "sha256:26b81bc515a0f03f66a69a6fea86eea54c8eca4173c46dd7222569f79dd2f977", size = 461997, upload-time = "2026-09-21T09:08:40.142Z" },
    { url = "https://files.pythonhosted.org/packages/82/1c/27c66764d5b0dbb70a36770a32eca217eba739c28b24e8583a035087a3d7/watchfiles-1.3.0-cp314-cp314t-manylinux_2_17_x86_64.manylinux2014_x86_64.whl", hash = "sha256:ca39661934749df580d89f3dde266f2af7c6968f4c21c72ce2dc387d299e6aa7", size = 451856, upload-time = "2026-09-21T09:08:41.305Z" },
    { url = "https://files.pythonhosted.org/packages/1e/b3/a45827084d953c1d0dd3d75abf85dcac26a0f5d115ad2fe0b7e9e931573b/watchfiles-1.3.0-cp314-cp314t-manylinux_2_31_riscv64.whl", hash = "sha256:04c5500faa725d69a99b0f63750e80795e455bb951849e9c98a811b4324997c4", size = 459889, upload-time = "2026-09-21T09:08:42.58Z" },
    { url = "https://files.pythonhosted.org/packages/7a/3d/07740d23ce2bb23419bb24055c435a9abe5fe03efdaea1ba0720b831aab6/watchfiles-1.3.0-cp314-cp314t-musllinux_1_1_aarch64.whl", hash = "sha256:ec3cd4bb181a7b6329134204c2277c7144ab5f62cce9c5335d6f901ee7ce8d6a", size = 624482, upload-time = "2026-09-21T09:08:44.064Z" },
    { url = "https://files.pythonhosted.org/packages/91/46/9540f8123eaec86df989f26d7704cad0448d9fb7271763a4f8f9fe23617d/watchfiles-1.3.0-cp314-cp314t-musllinux_1_1_x86_64.whl", hash = "sha256:e5871d4a7f788a9f64fb06f5793389d29d171e5c32d37c3ebfd520b017cc7694", size = 653724, upload-time = "2026-09-21T09:08:45.257Z" },
    { url = "https://files.pythonhosted.org/packages/25/9d/b9deb52f1e4528ffe44338c5ebab95c32ed79203082da661de50288e130a/watchfiles-1.3.0-cp314-cp314t-win32.whl", hash = "sha256:81c989d7267bfb7b676cd32c83bec97914e396870983cbf493e29415037bff5e", size = 270863, upload-time = "2026-09-21T09:08:46.518Z" },
    { url = "https://files.pythonhosted.org/packages/59/59/8b1881afccbafda06248be4185e28034dd73c80c85e4da24f2cb0c1321eb/watchfiles-1.3.0-cp314-cp314t-win_amd64.whl", hash = "sha256:d754e049006e81a9be49dc78ba7802081cee426e968cbc63ee19e164fa2d0e39", size = 286879, upload-time = "2026-09-21T09:08:47.874Z" },
    { url = "https://files.pythonhosted.org/packages/46/dd/41c12ae9745d5d72f709333287679d71cbba68ad7678fed872207bba94f4/watchfiles-1.3.0-cp314-cp314t-win_arm64.whl", hash = "sha256:a5b631db08fd3032db57ec6a92d1777cd60f88803287e4e941a4858c53aab1e0", size = 276924, upload-time = "2026-09-21T09:08:48.976Z" },
]
